
Microsoft Visual Studio Solution File, Format Version 12.00
# Visual Studio Version 17
VisualStudioVersion = 17.0.31919.166
MinimumVisualStudioVersion = 10.0.40219.1
Project("{9A19103F-16F7-4668-BE54-9A1E7A4F7556}") = "WeatherApp", "WeatherApp\WeatherApp.csproj", "{D8F75F12-7E4C-4955-8233-2954DB02FFEF}"
EndProject
Global
	GlobalSection(SolutionConfigurationPlatforms) = preSolution
		Debug|Any CPU = Debug|Any CPU
		Release|Any CPU = Release|Any CPU
	EndGlobalSection
	GlobalSection(ProjectConfigurationPlatforms) = postSolution
		{D8F75F12-7E4C-4955-8233-2954DB02FFEF}.Debug|Any CPU.ActiveCfg = Debug|Any CPU
		{D8F75F12-7E4C-4955-8233-2954DB02FFEF}.Debug|Any CPU.Build.0 = Debug|Any CPU
		{D8F75F12-7E4C-4955-8233-2954DB02FFEF}.Release|Any CPU.ActiveCfg = Release|Any CPU
		{D8F75F12-7E4C-4955-8233-2954DB02FFEF}.Release|Any CPU.Build.0 = Release|Any CPU
	EndGlobalSection
	GlobalSection(SolutionProperties) = preSolution
		HideSolutionNode = FALSE
	EndGlobalSection
	GlobalSection(ExtensibilityGlobals) = postSolution
		SolutionGuid = {A6AD359B-2560-45DC-84B3-58D87AC3DE82}
	EndGlobalSection
EndGlobal
